<?xml version="1.0" encoding="utf-8"?>
<Project ToolsVersion="4.0" xmlns="http://schemas.microsoft.com/developer/msbuild/2003">
  <ItemGroup>
    <Filter Include="Jass">
      <UniqueIdentifier>{764F877C-6286-880D-0B73-6E10F788040F}</UniqueIdentifier>
    </Filter>
    <Filter Include="Jass\Events">
      <UniqueIdentifier>{9A3A2641-06F0-9E36-8FE4-980DFB98953A}</UniqueIdentifier>
    </Filter>
    <Filter Include="Platform">
      <UniqueIdentifier>{2AC788B4-1694-E3BF-3FAD-D1672BD9184E}</UniqueIdentifier>
    </Filter>
    <Filter Include="Platform\Windows">
      <UniqueIdentifier>{64FBD71A-50F4-F66C-7926-DCF1657ED678}</UniqueIdentifier>
    </Filter>
  </ItemGroup>
  <ItemGroup>
    <ClInclude Include="src\Jass.h" />
    <ClInclude Include="src\Jass\Application.h">
      <Filter>Jass</Filter>
    </ClInclude>
    <ClInclude Include="src\Jass\Core.h">
      <Filter>Jass</Filter>
    </ClInclude>
    <ClInclude Include="src\Jass\EntryPoint.h">
      <Filter>Jass</Filter>
    </ClInclude>
    <ClInclude Include="src\Jass\Events\ApplicationEvents.h">
      <Filter>Jass\Events</Filter>
    </ClInclude>
    <ClInclude Include="src\Jass\Events\Event.h">
      <Filter>Jass\Events</Filter>
    </ClInclude>
    <ClInclude Include="src\Jass\Events\EventDispatcher.h">
      <Filter>Jass\Events</Filter>
    </ClInclude>
    <ClInclude Include="src\Jass\Events\EventEnums.h">
      <Filter>Jass\Events</Filter>
    </ClInclude>
    <ClInclude Include="src\Jass\Events\Events.h">
      <Filter>Jass\Events</Filter>
    </ClInclude>
    <ClInclude Include="src\Jass\Events\KeyEvent.h">
      <Filter>Jass\Events</Filter>
    </ClInclude>
    <ClInclude Include="src\Jass\Events\KeyEvents.h">
      <Filter>Jass\Events</Filter>
    </ClInclude>
    <ClInclude Include="src\Jass\Events\KeyPressedEvent.h">
      <Filter>Jass\Events</Filter>
    </ClInclude>
    <ClInclude Include="src\Jass\Events\KeyReleasedEvent.h">
      <Filter>Jass\Events</Filter>
    </ClInclude>
    <ClInclude Include="src\Jass\Events\MouseButtonEvent.h">
      <Filter>Jass\Events</Filter>
    </ClInclude>
    <ClInclude Include="src\Jass\Events\MouseButtonPressedEvent.h">
      <Filter>Jass\Events</Filter>
    </ClInclude>
    <ClInclude Include="src\Jass\Events\MouseButtonReleasedEvent.h">
      <Filter>Jass\Events</Filter>
    </ClInclude>
    <ClInclude Include="src\Jass\Events\MouseEvents.h">
      <Filter>Jass\Events</Filter>
    </ClInclude>
    <ClInclude Include="src\Jass\Events\MouseMovedEvent.h">
      <Filter>Jass\Events</Filter>
    </ClInclude>
    <ClInclude Include="src\Jass\Events\MouseScrolledEvent.h">
      <Filter>Jass\Events</Filter>
    </ClInclude>
    <ClInclude Include="src\Jass\Events\WindowCloseEvent.h">
      <Filter>Jass\Events</Filter>
    </ClInclude>
    <ClInclude Include="src\Jass\Events\WindowResizeEvent.h">
      <Filter>Jass\Events</Filter>
    </ClInclude>
    <ClInclude Include="src\Jass\IWindow.h">
      <Filter>Jass</Filter>
    </ClInclude>
    <ClInclude Include="src\Jass\Layer.h">
      <Filter>Jass</Filter>
    </ClInclude>
    <ClInclude Include="src\Jass\LayerStack.h">
      <Filter>Jass</Filter>
    </ClInclude>
    <ClInclude Include="src\Jass\Log.h">
      <Filter>Jass</Filter>
    </ClInclude>
    <ClInclude Include="src\Jass\LogEnums.h">
      <Filter>Jass</Filter>
    </ClInclude>
    <ClInclude Include="src\Jass\SpdLogger.h">
      <Filter>Jass</Filter>
    </ClInclude>
    <ClInclude Include="src\Platform\Windows\WinWindow.h">
      <Filter>Platform\Windows</Filter>
    </ClInclude>
    <ClInclude Include="src\jasspch.h" />
    <ClInclude Include="src\Jass\ImGui\ImGuiLayer.h" />
    <ClInclude Include="src\Platform\OpenGL\ImGuiOpenGLRenderer.h" />
  </ItemGroup>
  <ItemGroup>
    <ClCompile Include="src\Jass\Application.cpp">
      <Filter>Jass</Filter>
    </ClCompile>
    <ClCompile Include="src\Jass\Layer.cpp">
      <Filter>Jass</Filter>
    </ClCompile>
    <ClCompile Include="src\Jass\LayerStack.cpp">
      <Filter>Jass</Filter>
    </ClCompile>
    <ClCompile Include="src\Jass\SpdLogger.cpp">
      <Filter>Jass</Filter>
    </ClCompile>
    <ClCompile Include="src\Platform\Windows\WinWindow.cpp">
      <Filter>Platform\Windows</Filter>
    </ClCompile>
    <ClCompile Include="src\jasspch.cpp" />
    <ClCompile Include="src\Jass\ImGui\ImGuiLayer.cpp" />
    <ClCompile Include="src\Platform\OpenGL\ImGuiOpenGLRenderer.cpp" />
  </ItemGroup>
</Project>